Microsoft Visual Studio Solution File, Format Version 12.00
# Visual Studio Version 17
VisualStudioVersion = 17.5.2.0
MinimumVisualStudioVersion = 10.0.40219.1
Project("{FAE04EC0-301F-11D3-BF4B-00C04F79EFBC}") = "Prototipo-IdS", "Prototipo-IdS.csproj", "{573CE4DC-F6E4-43AE-03E1-2A1EE52450F0}"
EndProject
Global
	GlobalSection(SolutionConfigurationPlatforms) = preSolution
		Debug|Any CPU = Debug|Any CPU
		Release|Any CPU = Release|Any CPU
	EndGlobalSection
	GlobalSection(ProjectConfigurationPlatforms) = postSolution
		{573CE4DC-F6E4-43AE-03E1-2A1EE52450F0}.Debug|Any CPU.ActiveCfg = Debug|Any CPU
		{573CE4DC-F6E4-43AE-03E1-2A1EE52450F0}.Debug|Any CPU.Build.0 = Debug|Any CPU
		{573CE4DC-F6E4-43AE-03E1-2A1EE52450F0}.Release|Any CPU.ActiveCfg = Release|Any CPU
		{573CE4DC-F6E4-43AE-03E1-2A1EE52450F0}.Release|Any CPU.Build.0 = Release|Any CPU
	EndGlobalSection
	GlobalSection(SolutionProperties) = preSolution
		HideSolutionNode = FALSE
	EndGlobalSection
	GlobalSection(ExtensibilityGlobals) = postSolution
		SolutionGuid = {1DFD4BD9-2B68-47FA-94A8-037EA6A37883}
	EndGlobalSection
EndGlobal
